{
  "name": "wasm-thumbnail-js-test",
  "version": "1.0.0",
  "lockfileVersion": 2,
  "requires": true,
  "packages": {
    "": {
      "name": "wasm-thumbnail-js-test",
      "version": "1.0.0",
      "dependencies": {
        "wasm-thumbnail-js": "../pkg"
      }
    },
    "../pkg": {
      "version": "0.1.0"
    },
    "node_modules/wasm-thumbnail-js": {
      "resolved": "../pkg",
      "link": true
    }
  },
  "dependencies": {
    "wasm-thumbnail-js": {
      "version": "file:../pkg"
    }
  }
}
